Microsoft Visual Studio Solution File, Format Version 8.00
Project("{8BC9CEB8-8B4A-11D0-8D11-00A0C91BC942}") = "GoogleDesktopComponentSample3", "GoogleDesktopComponentSample3.vcproj", "{C907C818-97B8-4998-8AF7-831A08BAC04B}"
	ProjectSection(ProjectDependencies) = postProject
		{5A0D55C3-7C2A-4B61-8F28-6B757052788F} = {5A0D55C3-7C2A-4B61-8F28-6B757052788F}
	EndProjectSection
EndProject
Project("{8BC9CEB8-8B4A-11D0-8D11-00A0C91BC942}") = "GoogleDesktopComponentCommon", "..\common\GoogleDesktopComponentCommon.vcproj", "{5A0D55C3-7C2A-4B61-8F28-6B757052788F}"
	ProjectSection(ProjectDependencies) = postProject
	EndProjectSection
EndProject
Global
	GlobalSection(SolutionConfiguration) = preSolution
		Debug = Debug
		Release = Release
	EndGlobalSection
	GlobalSection(ProjectConfiguration) = postSolution
		{C907C818-97B8-4998-8AF7-831A08BAC04B}.Debug.ActiveCfg = Debug|Win32
		{C907C818-97B8-4998-8AF7-831A08BAC04B}.Debug.Build.0 = Debug|Win32
		{C907C818-97B8-4998-8AF7-831A08BAC04B}.Release.ActiveCfg = Release|Win32
		{C907C818-97B8-4998-8AF7-831A08BAC04B}.Release.Build.0 = Release|Win32
		{5A0D55C3-7C2A-4B61-8F28-6B757052788F}.Debug.ActiveCfg = Debug|Win32
		{5A0D55C3-7C2A-4B61-8F28-6B757052788F}.Debug.Build.0 = Debug|Win32
		{5A0D55C3-7C2A-4B61-8F28-6B757052788F}.Release.ActiveCfg = Release|Win32
		{5A0D55C3-7C2A-4B61-8F28-6B757052788F}.Release.Build.0 = Release|Win32
	EndGlobalSection
	GlobalSection(ExtensibilityGlobals) = postSolution
	EndGlobalSection
	GlobalSection(ExtensibilityAddIns) = postSolution
	EndGlobalSection
EndGlobal
